// !$*UTF8*$!
{
	archiveVersion = 1;
	classes = {
	};
	objectVersion = 56;
	objects = {

/* Begin PBXBuildFile section */
		034E274B2A2E73CE003DF5EE /* DateRangeView.swift in Sources */ = {isa = PBXBuildFile; fileRef = 034E274A2A2E73CE003DF5EE /* DateRangeView.swift */; };
		0361281F2A199B7200B4C1B7 /* Environment.swift in Sources */ = {isa = PBXBuildFile; fileRef = 0361281E2A199B7200B4C1B7 /* Environment.swift */; };
		036128212A1C006100B4C1B7 /* WorkHistorySummaryView.swift in Sources */ = {isa = PBXBuildFile; fileRef = 036128202A1C006100B4C1B7 /* WorkHistorySummaryView.swift */; };
		036128242A1C1F1600B4C1B7 /* Date+Extension.swift in Sources */ = {isa = PBXBuildFile; fileRef = 036128232A1C1F1600B4C1B7 /* Date+Extension.swift */; };
		0394D28B2A190E2D00096C8D /* JoshLytleResumeApp.swift in Sources */ = {isa = PBXBuildFile; fileRef = 0394D28A2A190E2D00096C8D /* JoshLytleResumeApp.swift */; };
		0394D28F2A190E2E00096C8D /* Assets.xcassets in Resources */ = {isa = PBXBuildFile; fileRef = 0394D28E2A190E2E00096C8D /* Assets.xcassets */; };
		0394D2932A190E2E00096C8D /* Preview Assets.xcassets in Resources */ = {isa = PBXBuildFile; fileRef = 0394D2922A190E2E00096C8D /* Preview Assets.xcassets */; };
		0394D29C2A19231400096C8D /* Person.swift in Sources */ = {isa = PBXBuildFile; fileRef = 0394D29B2A19231400096C8D /* Person.swift */; };
		0394D29E2A19232500096C8D /* WorkHistory.swift in Sources */ = {isa = PBXBuildFile; fileRef = 0394D29D2A19232500096C8D /* WorkHistory.swift */; };
		0394D2A12A19518200096C8D /* HomeScreen.swift in Sources */ = {isa = PBXBuildFile; fileRef = 0394D2A02A19518200096C8D /* HomeScreen.swift */; };
		0394D2A32A19519C00096C8D /* WorkHistoryDetailScreen.swift in Sources */ = {isa = PBXBuildFile; fileRef = 0394D2A22A19519C00096C8D /* WorkHistoryDetailScreen.swift */; };
		0394D2A52A1952B200096C8D /* HomeViewModel.swift in Sources */ = {isa = PBXBuildFile; fileRef = 0394D2A42A1952B200096C8D /* HomeViewModel.swift */; };
		0394D2A72A1952CA00096C8D /* WorkHistoryViewModel.swift in Sources */ = {isa = PBXBuildFile; fileRef = 0394D2A62A1952CA00096C8D /* WorkHistoryViewModel.swift */; };
		0394D2A92A1955B900096C8D /* BaseService.swift in Sources */ = {isa = PBXBuildFile; fileRef = 0394D2A82A1955B900096C8D /* BaseService.swift */; };
		0394D2AB2A1955C400096C8D /* HomeService.swift in Sources */ = {isa = PBXBuildFile; fileRef = 0394D2AA2A1955C400096C8D /* HomeService.swift */; };
/* End PBXBuildFile section */

/* Begin PBXFileReference section */
		034E274A2A2E73CE003DF5EE /* DateRangeView.swift */ = {isa = PBXFileReference; lastKnownFileType = sourcecode.swift; path = DateRangeView.swift; sourceTree = "<group>"; };
		0361281E2A199B7200B4C1B7 /* Environment.swift */ = {isa = PBXFileReference; lastKnownFileType = sourcecode.swift; path = Environment.swift; sourceTree = "<group>"; };
		036128202A1C006100B4C1B7 /* WorkHistorySummaryView.swift */ = {isa = PBXFileReference; lastKnownFileType = sourcecode.swift; path = WorkHistorySummaryView.swift; sourceTree = "<group>"; };
		036128232A1C1F1600B4C1B7 /* Date+Extension.swift */ = {isa = PBXFileReference; lastKnownFileType = sourcecode.swift; path = "Date+Extension.swift"; sourceTree = "<group>"; };
		0394D2872A190E2D00096C8D /* JoshLytleResume.app */ = {isa = PBXFileReference; explicitFileType = wrapper.application; includeInIndex = 0; path = JoshLytleResume.app; sourceTree = BUILT_PRODUCTS_DIR; };
		0394D28A2A190E2D00096C8D /* JoshLytleResumeApp.swift */ = {isa = PBXFileReference; lastKnownFileType = sourcecode.swift; path = JoshLytleResumeApp.swift; sourceTree = "<group>"; };
		0394D28E2A190E2E00096C8D /* Assets.xcassets */ = {isa = PBXFileReference; lastKnownFileType = folder.assetcatalog; path = Assets.xcassets; sourceTree = "<group>"; };
		0394D2902A190E2E00096C8D /* JoshLytleResume.entitlements */ = {isa = PBXFileReference; lastKnownFileType = text.plist.entitlements; path = JoshLytleResume.entitlements; sourceTree = "<group>"; };
		0394D2922A190E2E00096C8D /* Preview Assets.xcassets */ = {isa = PBXFileReference; lastKnownFileType = folder.assetcatalog; path = "Preview Assets.xcassets"; sourceTree = "<group>"; };
		0394D29B2A19231400096C8D /* Person.swift */ = {isa = PBXFileReference; lastKnownFileType = sourcecode.swift; path = Person.swift; sourceTree = "<group>"; };
		0394D29D2A19232500096C8D /* WorkHistory.swift */ = {isa = PBXFileReference; lastKnownFileType = sourcecode.swift; path = WorkHistory.swift; sourceTree = "<group>"; };
		0394D2A02A19518200096C8D /* HomeScreen.swift */ = {isa = PBXFileReference; lastKnownFileType = sourcecode.swift; path = HomeScreen.swift; sourceTree = "<group>"; };
		0394D2A22A19519C00096C8D /* WorkHistoryDetailScreen.swift */ = {isa = PBXFileReference; lastKnownFileType = sourcecode.swift; path = WorkHistoryDetailScreen.swift; sourceTree = "<group>"; };
		0394D2A42A1952B200096C8D /* HomeViewModel.swift */ = {isa = PBXFileReference; lastKnownFileType = sourcecode.swift; path = HomeViewModel.swift; sourceTree = "<group>"; };
		0394D2A62A1952CA00096C8D /* WorkHistoryViewModel.swift */ = {isa = PBXFileReference; lastKnownFileType = sourcecode.swift; path = WorkHistoryViewModel.swift; sourceTree = "<group>"; };
		0394D2A82A1955B900096C8D /* BaseService.swift */ = {isa = PBXFileReference; lastKnownFileType = sourcecode.swift; path = BaseService.swift; sourceTree = "<group>"; };
		0394D2AA2A1955C400096C8D /* HomeService.swift */ = {isa = PBXFileReference; lastKnownFileType = sourcecode.swift; path = HomeService.swift; sourceTree = "<group>"; };
/* End PBXFileReference section */

/* Begin PBXFrameworksBuildPhase section */
		0394D2842A190E2D00096C8D /* Frameworks */ = {
			isa = PBXFrameworksBuildPhase;
			buildActionMask = 2147483647;
			files = (
			);
			runOnlyForDeploymentPostprocessing = 0;
		};
/* End PBXFrameworksBuildPhase section */

/* Begin PBXGroup section */
		036128222A1C1EFC00B4C1B7 /* Extensions */ = {
			isa = PBXGroup;
			children = (
				036128232A1C1F1600B4C1B7 /* Date+Extension.swift */,
			);
			path = Extensions;
			sourceTree = "<group>";
		};
		0394D27E2A190E2D00096C8D = {
			isa = PBXGroup;
			children = (
				0394D2892A190E2D00096C8D /* JoshLytleResume */,
				0394D2882A190E2D00096C8D /* Products */,
			);
			sourceTree = "<group>";
		};
		0394D2882A190E2D00096C8D /* Products */ = {
			isa = PBXGroup;
			children = (
				0394D2872A190E2D00096C8D /* JoshLytleResume.app */,
			);
			name = Products;
			sourceTree = "<group>";
		};
		0394D2892A190E2D00096C8D /* JoshLytleResume */ = {
			isa = PBXGroup;
			children = (
				0394D28A2A190E2D00096C8D /* JoshLytleResumeApp.swift */,
				036128222A1C1EFC00B4C1B7 /* Extensions */,
				0394D29F2A19515D00096C8D /* Service */,
				0394D29A2A1920D100096C8D /* Models */,
				0394D2992A1920BA00096C8D /* Views */,
				0394D28E2A190E2E00096C8D /* Assets.xcassets */,
				0394D2902A190E2E00096C8D /* JoshLytleResume.entitlements */,
				0394D2912A190E2E00096C8D /* Preview Content */,
			);
			path = JoshLytleResume;
			sourceTree = "<group>";
		};
		0394D2912A190E2E00096C8D /* Preview Content */ = {
			isa = PBXGroup;
			children = (
				0394D2922A190E2E00096C8D /* Preview Assets.xcassets */,
			);
			path = "Preview Content";
			sourceTree = "<group>";
		};
		0394D2992A1920BA00096C8D /* Views */ = {
			isa = PBXGroup;
			children = (
				0394D2A02A19518200096C8D /* HomeScreen.swift */,
				0394D2A42A1952B200096C8D /* HomeViewModel.swift */,
				0394D2A22A19519C00096C8D /* WorkHistoryDetailScreen.swift */,
				0394D2A62A1952CA00096C8D /* WorkHistoryViewModel.swift */,
				036128202A1C006100B4C1B7 /* WorkHistorySummaryView.swift */,
				034E274A2A2E73CE003DF5EE /* DateRangeView.swift */,
			);
			path = Views;
			sourceTree = "<group>";
		};
		0394D29A2A1920D100096C8D /* Models */ = {
			isa = PBXGroup;
			children = (
				0394D29B2A19231400096C8D /* Person.swift */,
				0394D29D2A19232500096C8D /* WorkHistory.swift */,
			);
			path = Models;
			sourceTree = "<group>";
		};
		0394D29F2A19515D00096C8D /* Service */ = {
			isa = PBXGroup;
			children = (
				0394D2A82A1955B900096C8D /* BaseService.swift */,
				0394D2AA2A1955C400096C8D /* HomeService.swift */,
				0361281E2A199B7200B4C1B7 /* Environment.swift */,
			);
			path = Service;
			sourceTree = "<group>";
		};
/* End PBXGroup section */

/* Begin PBXNativeTarget section */
		0394D2862A190E2D00096C8D /* JoshLytleResume */ = {
			isa = PBXNativeTarget;
			buildConfigurationList = 0394D2962A190E2E00096C8D /* Build configuration list for PBXNativeTarget "JoshLytleResume" */;
			buildPhases = (
				0394D2832A190E2D00096C8D /* Sources */,
				0394D2842A190E2D00096C8D /* Frameworks */,
				0394D2852A190E2D00096C8D /* Resources */,
			);
			buildRules = (
			);
			dependencies = (
			);
			name = JoshLytleResume;
			productName = JoshLytleResume;
			productReference = 0394D2872A190E2D00096C8D /* JoshLytleResume.app */;
			productType = "com.apple.product-type.application";
		};
/* End PBXNativeTarget section */

/* Begin PBXProject section */
		0394D27F2A190E2D00096C8D /* Project object */ = {
			isa = PBXProject;
			attributes = {
				BuildIndependentTargetsInParallel = 1;
				LastSwiftUpdateCheck = 1430;
				LastUpgradeCheck = 1430;
				TargetAttributes = {
					0394D2862A190E2D00096C8D = {
						CreatedOnToolsVersion = 14.3;
					};
				};
			};
			buildConfigurationList = 0394D2822A190E2D00096C8D /* Build configuration list for PBXProject "JoshLytleResume" */;
			compatibilityVersion = "Xcode 14.0";
			developmentRegion = en;
			hasScannedForEncodings = 0;
			knownRegions = (
				en,
				Base,
			);
			mainGroup = 0394D27E2A190E2D00096C8D;
			productRefGroup = 0394D2882A190E2D00096C8D /* Products */;
			projectDirPath = "";
			projectRoot = "";
			targets = (
				0394D2862A190E2D00096C8D /* JoshLytleResume */,
			);
		};
/* End PBXProject section */

/* Begin PBXResourcesBuildPhase section */
		0394D2852A190E2D00096C8D /* Resources */ = {
			isa = PBXResourcesBuildPhase;
			buildActionMask = 2147483647;
			files = (
				0394D2932A190E2E00096C8D /* Preview Assets.xcassets in Resources */,
				0394D28F2A190E2E00096C8D /* Assets.xcassets in Resources */,
			);
			runOnlyForDeploymentPostprocessing = 0;
		};
/* End PBXResourcesBuildPhase section */

/* Begin PBXSourcesBuildPhase section */
		0394D2832A190E2D00096C8D /* Sources */ = {
			isa = PBXSourcesBuildPhase;
			buildActionMask = 2147483647;
			files = (
				0394D2A32A19519C00096C8D /* WorkHistoryDetailScreen.swift in Sources */,
				0394D29C2A19231400096C8D /* Person.swift in Sources */,
				036128242A1C1F1600B4C1B7 /* Date+Extension.swift in Sources */,
				0394D2A52A1952B200096C8D /* HomeViewModel.swift in Sources */,
				034E274B2A2E73CE003DF5EE /* DateRangeView.swift in Sources */,
				0394D2A12A19518200096C8D /* HomeScreen.swift in Sources */,
				0394D2AB2A1955C400096C8D /* HomeService.swift in Sources */,
				036128212A1C006100B4C1B7 /* WorkHistorySummaryView.swift in Sources */,
				0394D29E2A19232500096C8D /* WorkHistory.swift in Sources */,
				0361281F2A199B7200B4C1B7 /* Environment.swift in Sources */,
				0394D2A72A1952CA00096C8D /* WorkHistoryViewModel.swift in Sources */,
				0394D28B2A190E2D00096C8D /* JoshLytleResumeApp.swift in Sources */,
				0394D2A92A1955B900096C8D /* BaseService.swift in Sources */,
			);
			runOnlyForDeploymentPostprocessing = 0;
		};
/* End PBXSourcesBuildPhase section */

/* Begin XCBuildConfiguration section */
		0394D2942A190E2E00096C8D /* Debug */ = {
			isa = XCBuildConfiguration;
			buildSettings = {
				ALWAYS_SEARCH_USER_PATHS = NO;
				CLANG_ANALYZER_NONNULL = YES;
				CLANG_ANALYZER_NUMBER_OBJECT_CONVERSION = YES_AGGRESSIVE;
				CLANG_CXX_LANGUAGE_STANDARD = "gnu++20";
				CLANG_ENABLE_MODULES = YES;
				CLANG_ENABLE_OBJC_ARC = YES;
				CLANG_ENABLE_OBJC_WEAK = YES;
				CLANG_WARN_BLOCK_CAPTURE_AUTORELEASING = YES;
				CLANG_WARN_BOOL_CONVERSION = YES;
				CLANG_WARN_COMMA = YES;
				CLANG_WARN_CONSTANT_CONVERSION = YES;
				CLANG_WARN_DEPRECATED_OBJC_IMPLEMENTATIONS = YES;
				CLANG_WARN_DIRECT_OBJC_ISA_USAGE = YES_ERROR;
				CLANG_WARN_DOCUMENTATION_COMMENTS = YES;
				CLANG_WARN_EMPTY_BODY = YES;
				CLANG_WARN_ENUM_CONVERSION = YES;
				CLANG_WARN_INFINITE_RECURSION = YES;
				CLANG_WARN_INT_CONVERSION = YES;
				CLANG_WARN_NON_LITERAL_NULL_CONVERSION = YES;
				CLANG_WARN_OBJC_IMPLICIT_RETAIN_SELF = YES;
				CLANG_WARN_OBJC_LITERAL_CONVERSION = YES;
				CLANG_WARN_OBJC_ROOT_CLASS = YES_ERROR;
				CLANG_WARN_QUOTED_INCLUDE_IN_FRAMEWORK_HEADER = YES;
				CLANG_WARN_RANGE_LOOP_ANALYSIS = YES;
				CLANG_WARN_STRICT_PROTOTYPES = YES;
				CLANG_WARN_SUSPICIOUS_MOVE = YES;
				CLANG_WARN_UNGUARDED_AVAILABILITY = YES_AGGRESSIVE;
				CLANG_WARN_UNREACHABLE_CODE = YES;
				CLANG_WARN__DUPLICATE_METHOD_MATCH = YES;
				COPY_PHASE_STRIP = NO;
				DEBUG_INFORMATION_FORMAT = dwarf;
				ENABLE_STRICT_OBJC_MSGSEND = YES;
				ENABLE_TESTABILITY = YES;
				GCC_C_LANGUAGE_STANDARD = gnu11;
				GCC_DYNAMIC_NO_PIC = NO;
				GCC_NO_COMMON_BLOCKS = YES;
				GCC_OPTIMIZATION_LEVEL = 0;
				GCC_PREPROCESSOR_DEFINITIONS = (
					"DEBUG=1",
					"$(inherited)",
				);
				GCC_WARN_64_TO_32_BIT_CONVERSION = YES;
				GCC_WARN_ABOUT_RETURN_TYPE = YES_ERROR;
				GCC_WARN_UNDECLARED_SELECTOR = YES;
				GCC_WARN_UNINITIALIZED_AUTOS = YES_AGGRESSIVE;
				GCC_WARN_UNUSED_FUNCTION = YES;
				GCC_WARN_UNUSED_VARIABLE = YES;
				MTL_ENABLE_DEBUG_INFO = INCLUDE_SOURCE;
				MTL_FAST_MATH = YES;
				ONLY_ACTIVE_ARCH = YES;
				SWIFT_ACTIVE_COMPILATION_CONDITIONS = DEBUG;
				SWIFT_OPTIMIZATION_LEVEL = "-Onone";
			};
			name = Debug;
		};
		0394D2952A190E2E00096C8D /* Release */ = {
			isa = XCBuildConfiguration;
			buildSettings = {
				ALWAYS_SEARCH_USER_PATHS = NO;
				CLANG_ANALYZER_NONNULL = YES;
				CLANG_ANALYZER_NUMBER_OBJECT_CONVERSION = YES_AGGRESSIVE;
				CLANG_CXX_LANGUAGE_STANDARD = "gnu++20";
				CLANG_ENABLE_MODULES = YES;
				CLANG_ENABLE_OBJC_ARC = YES;
				CLANG_ENABLE_OBJC_WEAK = YES;
				CLANG_WARN_BLOCK_CAPTURE_AUTORELEASING = YES;
				CLANG_WARN_BOOL_CONVERSION = YES;
				CLANG_WARN_COMMA = YES;
				CLANG_WARN_CONSTANT_CONVERSION = YES;
				CLANG_WARN_DEPRECATED_OBJC_IMPLEMENTATIONS = YES;
				CLANG_WARN_DIRECT_OBJC_ISA_USAGE = YES_ERROR;
				CLANG_WARN_DOCUMENTATION_COMMENTS = YES;
				CLANG_WARN_EMPTY_BODY = YES;
				CLANG_WARN_ENUM_CONVERSION = YES;
				CLANG_WARN_INFINITE_RECURSION = YES;
				CLANG_WARN_INT_CONVERSION = YES;
				CLANG_WARN_NON_LITERAL_NULL_CONVERSION = YES;
				CLANG_WARN_OBJC_IMPLICIT_RETAIN_SELF = YES;
				CLANG_WARN_OBJC_LITERAL_CONVERSION = YES;
				CLANG_WARN_OBJC_ROOT_CLASS = YES_ERROR;
				CLANG_WARN_QUOTED_INCLUDE_IN_FRAMEWORK_HEADER = YES;
				CLANG_WARN_RANGE_LOOP_ANALYSIS = YES;
				CLANG_WARN_STRICT_PROTOTYPES = YES;
				CLANG_WARN_SUSPICIOUS_MOVE = YES;
				CLANG_WARN_UNGUARDED_AVAILABILITY = YES_AGGRESSIVE;
				CLANG_WARN_UNREACHABLE_CODE = YES;
				CLANG_WARN__DUPLICATE_METHOD_MATCH = YES;
				COPY_PHASE_STRIP = NO;
				DEBUG_INFORMATION_FORMAT = "dwarf-with-dsym";
				ENABLE_NS_ASSERTIONS = NO;
				ENABLE_STRICT_OBJC_MSGSEND = YES;
				GCC_C_LANGUAGE_STANDARD = gnu11;
				GCC_NO_COMMON_BLOCKS = YES;
				GCC_WARN_64_TO_32_BIT_CONVERSION = YES;
				GCC_WARN_ABOUT_RETURN_TYPE = YES_ERROR;
				GCC_WARN_UNDECLARED_SELECTOR = YES;
				GCC_WARN_UNINITIALIZED_AUTOS = YES_AGGRESSIVE;
				GCC_WARN_UNUSED_FUNCTION = YES;
				GCC_WARN_UNUSED_VARIABLE = YES;
				MTL_ENABLE_DEBUG_INFO = NO;
				MTL_FAST_MATH = YES;
				SWIFT_COMPILATION_MODE = wholemodule;
				SWIFT_OPTIMIZATION_LEVEL = "-O";
			};
			name = Release;
		};
		0394D2972A190E2E00096C8D /* Debug */ = {
			isa = XCBuildConfiguration;
			buildSettings = {
				ASSETCATALOG_COMPILER_APPICON_NAME = AppIcon;
				ASSETCATALOG_COMPILER_GLOBAL_ACCENT_COLOR_NAME = AccentColor;
				CODE_SIGN_ENTITLEMENTS = JoshLytleResume/JoshLytleResume.entitlements;
				CODE_SIGN_STYLE = Automatic;
				CURRENT_PROJECT_VERSION = 1;
				DEVELOPMENT_ASSET_PATHS = "\"JoshLytleResume/Preview Content\"";
				DEVELOPMENT_TEAM = 5RAFNMF733;
				ENABLE_HARDENED_RUNTIME = YES;
				ENABLE_PREVIEWS = YES;
				GENERATE_INFOPLIST_FILE = YES;
				"INFOPLIST_KEY_UIApplicationSceneManifest_Generation[sdk=iphoneos*]" = YES;
				"INFOPLIST_KEY_UIApplicationSceneManifest_Generation[sdk=iphonesimulator*]" = YES;
				"INFOPLIST_KEY_UIApplicationSupportsIndirectInputEvents[sdk=iphoneos*]" = YES;
				"INFOPLIST_KEY_UIApplicationSupportsIndirectInputEvents[sdk=iphonesimulator*]" = YES;
				"INFOPLIST_KEY_UILaunchScreen_Generation[sdk=iphoneos*]" = YES;
				"INFOPLIST_KEY_UILaunchScreen_Generation[sdk=iphonesimulator*]" = YES;
				"INFOPLIST_KEY_UIStatusBarStyle[sdk=iphoneos*]" = UIStatusBarStyleDefault;
				"INFOPLIST_KEY_UIStatusBarStyle[sdk=iphonesimulator*]" = UIStatusBarStyleDefault;
				INFOPLIST_KEY_UISupportedInterfaceOrientations_iPad = "UIInterfaceOrientationPortrait UIInterfaceOrientationPortraitUpsideDown UIInterfaceOrientationLandscapeLeft UIInterfaceOrientationLandscapeRight";
				INFOPLIST_KEY_UISupportedInterfaceOrientations_iPhone = "UIInterfaceOrientationPortrait UIInterfaceOrientationLandscapeLeft UIInterfaceOrientationLandscapeRight";
				IPHONEOS_DEPLOYMENT_TARGET = 16.4;
				LD_RUNPATH_SEARCH_PATHS = "@executable_path/Frameworks";
				"LD_RUNPATH_SEARCH_PATHS[sdk=macosx*]" = "@executable_path/../Frameworks";
				MACOSX_DEPLOYMENT_TARGET = 13.3;
				MARKETING_VERSION = 1.0;
				PRODUCT_BUNDLE_IDENTIFIER = com.joshlytle.resume.JoshLytleResume;
				PRODUCT_NAME = "$(TARGET_NAME)";
				SDKROOT = auto;
				SUPPORTED_PLATFORMS = "iphoneos iphonesimulator macosx";
				SWIFT_EMIT_LOC_STRINGS = YES;
				SWIFT_VERSION = 5.0;
				TARGETED_DEVICE_FAMILY = "1,2";
			};
			name = Debug;
		};
		0394D2982A190E2E00096C8D /* Release */ = {
			isa = XCBuildConfiguration;
			buildSettings = {
				ASSETCATALOG_COMPILER_APPICON_NAME = AppIcon;
				ASSETCATALOG_COMPILER_GLOBAL_ACCENT_COLOR_NAME = AccentColor;
				CODE_SIGN_ENTITLEMENTS = JoshLytleResume/JoshLytleResume.entitlements;
				CODE_SIGN_STYLE = Automatic;
				CURRENT_PROJECT_VERSION = 1;
				DEVELOPMENT_ASSET_PATHS = "\"JoshLytleResume/Preview Content\"";
				DEVELOPMENT_TEAM = 5RAFNMF733;
				ENABLE_HARDENED_RUNTIME = YES;
				ENABLE_PREVIEWS = YES;
				GENERATE_INFOPLIST_FILE = YES;
				"INFOPLIST_KEY_UIApplicationSceneManifest_Generation[sdk=iphoneos*]" = YES;
				"INFOPLIST_KEY_UIApplicationSceneManifest_Generation[sdk=iphonesimulator*]" = YES;
				"INFOPLIST_KEY_UIApplicationSupportsIndirectInputEvents[sdk=iphoneos*]" = YES;
				"INFOPLIST_KEY_UIApplicationSupportsIndirectInputEvents[sdk=iphonesimulator*]" = YES;
				"INFOPLIST_KEY_UILaunchScreen_Generation[sdk=iphoneos*]" = YES;
				"INFOPLIST_KEY_UILaunchScreen_Generation[sdk=iphonesimulator*]" = YES;
				"INFOPLIST_KEY_UIStatusBarStyle[sdk=iphoneos*]" = UIStatusBarStyleDefault;
				"INFOPLIST_KEY_UIStatusBarStyle[sdk=iphonesimulator*]" = UIStatusBarStyleDefault;
				INFOPLIST_KEY_UISupportedInterfaceOrientations_iPad = "UIInterfaceOrientationPortrait UIInterfaceOrientationPortraitUpsideDown UIInterfaceOrientationLandscapeLeft UIInterfaceOrientationLandscapeRight";
				INFOPLIST_KEY_UISupportedInterfaceOrientations_iPhone = "UIInterfaceOrientationPortrait UIInterfaceOrientationLandscapeLeft UIInterfaceOrientationLandscapeRight";
				IPHONEOS_DEPLOYMENT_TARGET = 16.4;
				LD_RUNPATH_SEARCH_PATHS = "@executable_path/Frameworks";
				"LD_RUNPATH_SEARCH_PATHS[sdk=macosx*]" = "@executable_path/../Frameworks";
				MACOSX_DEPLOYMENT_TARGET = 13.3;
				MARKETING_VERSION = 1.0;
				PRODUCT_BUNDLE_IDENTIFIER = com.joshlytle.resume.JoshLytleResume;
				PRODUCT_NAME = "$(TARGET_NAME)";
				SDKROOT = auto;
				SUPPORTED_PLATFORMS = "iphoneos iphonesimulator macosx";
				SWIFT_EMIT_LOC_STRINGS = YES;
				SWIFT_VERSION = 5.0;
				TARGETED_DEVICE_FAMILY = "1,2";
			};
			name = Release;
		};
/* End XCBuildConfiguration section */

/* Begin XCConfigurationList section */
		0394D2822A190E2D00096C8D /* Build configuration list for PBXProject "JoshLytleResume" */ = {
			isa = XCConfigurationList;
			buildConfigurations = (
				0394D2942A190E2E00096C8D /* Debug */,
				0394D2952A190E2E00096C8D /* Release */,
			);
			defaultConfigurationIsVisible = 0;
			defaultConfigurationName = Release;
		};
		0394D2962A190E2E00096C8D /* Build configuration list for PBXNativeTarget "JoshLytleResume" */ = {
			isa = XCConfigurationList;
			buildConfigurations = (
				0394D2972A190E2E00096C8D /* Debug */,
				0394D2982A190E2E00096C8D /* Release */,
			);
			defaultConfigurationIsVisible = 0;
			defaultConfigurationName = Release;
		};
/* End XCConfigurationList section */
	};
	rootObject = 0394D27F2A190E2D00096C8D /* Project object */;
}
